
Microsoft Visual Studio Solution File, Format Version 12.00
# Visual Studio 15
VisualStudioVersion = 15.0.28307.106
MinimumVisualStudioVersion = 10.0.40219.1
Project("{FAE04EC0-301F-11D3-BF4B-00C04F79EFBC}") = "Array.prototype", "Array.prototype\Array.prototype.csproj", "{D5CD710C-1BEF-4417-B0E7-148A9323DF36}"
EndProject
Global
	GlobalSection(SolutionConfigurationPlatforms) = preSolution
		Debug|Any CPU = Debug|Any CPU
		Release|Any CPU = Release|Any CPU
	EndGlobalSection
	GlobalSection(ProjectConfigurationPlatforms) = postSolution
		{D5CD710C-1BEF-4417-B0E7-148A9323DF36}.Debug|Any CPU.ActiveCfg = Debug|Any CPU
		{D5CD710C-1BEF-4417-B0E7-148A9323DF36}.Debug|Any CPU.Build.0 = Debug|Any CPU
		{D5CD710C-1BEF-4417-B0E7-148A9323DF36}.Release|Any CPU.ActiveCfg = Release|Any CPU
		{D5CD710C-1BEF-4417-B0E7-148A9323DF36}.Release|Any CPU.Build.0 = Release|Any CPU
	EndGlobalSection
	GlobalSection(SolutionProperties) = preSolution
		HideSolutionNode = FALSE
	EndGlobalSection
	GlobalSection(ExtensibilityGlobals) = postSolution
		SolutionGuid = {AA2114A4-AEE9-4EB0-B9CE-54D91C2FCBD0}
	EndGlobalSection
EndGlobal
